// !$*UTF8*$!
{
	archiveVersion = 1;
	classes = {
	};
	objectVersion = 46;
	objects = {

/* Begin PBXBuildFile section */
		EF036A1F16D0166A009AA728 /* RTHHomeViewController.m in Sources */ = {isa = PBXBuildFile; fileRef = EF036A1E16D0166A009AA728 /* RTHHomeViewController.m */; };
		EF036A2316D016CB009AA728 /* RTHButton.m in Sources */ = {isa = PBXBuildFile; fileRef = EF036A2216D016CB009AA728 /* RTHButton.m */; };
		EF036A2716D0173C009AA728 /* RTHHomeView.m in Sources */ = {isa = PBXBuildFile; fileRef = EF036A2616D0173C009AA728 /* RTHHomeView.m */; };
		EF036A2C16D02A11009AA728 /* RTHCategoryView.m in Sources */ = {isa = PBXBuildFile; fileRef = EF036A2B16D02A11009AA728 /* RTHCategoryView.m */; };
		EF036A2F16D033AA009AA728 /* RTHSearchHeaderView.m in Sources */ = {isa = PBXBuildFile; fileRef = EF036A2E16D033AA009AA728 /* RTHSearchHeaderView.m */; };
		EF3A87CB16D0686600D91D39 /* etsy_badge.gif in Resources */ = {isa = PBXBuildFile; fileRef = EF3A87CA16D0686600D91D39 /* etsy_badge.gif */; };
		EF3A87CF16D06B5A00D91D39 /* MagnifierView.m in Sources */ = {isa = PBXBuildFile; fileRef = EF3A87CE16D06B5A00D91D39 /* MagnifierView.m */; };
		EF4783BC16D2DCD200A612E5 /* libFlurry.a in Frameworks */ = {isa = PBXBuildFile; fileRef = EF4783BB16D2DCD200A612E5 /* libFlurry.a */; };
		EF4783BF16D2DCF000A612E5 /* RTHAnalytics.m in Sources */ = {isa = PBXBuildFile; fileRef = EF4783BE16D2DCF000A612E5 /* RTHAnalytics.m */; };
		EF4783C316D2E93700A612E5 /* NSString+HTML.m in Sources */ = {isa = PBXBuildFile; fileRef = EF4783C216D2E93700A612E5 /* NSString+HTML.m */; settings = {COMPILER_FLAGS = "-fno-objc-arc"; }; };
		EF4783C616D2E97200A612E5 /* GTMNSString+HTML.m in Sources */ = {isa = PBXBuildFile; fileRef = EF4783C516D2E97200A612E5 /* GTMNSString+HTML.m */; settings = {COMPILER_FLAGS = "-fno-objc-arc"; }; };
		EF5B58CD16BDBA18008626BA /* AFHTTPClient.m in Sources */ = {isa = PBXBuildFile; fileRef = EF5B58BB16BDBA18008626BA /* AFHTTPClient.m */; };
		EF5B58CE16BDBA18008626BA /* AFHTTPRequestOperation.m in Sources */ = {isa = PBXBuildFile; fileRef = EF5B58BD16BDBA18008626BA /* AFHTTPRequestOperation.m */; };
		EF5B58CF16BDBA18008626BA /* AFImageRequestOperation.m in Sources */ = {isa = PBXBuildFile; fileRef = EF5B58BF16BDBA18008626BA /* AFImageRequestOperation.m */; };
		EF5B58D016BDBA18008626BA /* AFJSONRequestOperation.m in Sources */ = {isa = PBXBuildFile; fileRef = EF5B58C116BDBA18008626BA /* AFJSONRequestOperation.m */; };
		EF5B58D116BDBA18008626BA /* AFNetworkActivityIndicatorManager.m in Sources */ = {isa = PBXBuildFile; fileRef = EF5B58C316BDBA18008626BA /* AFNetworkActivityIndicatorManager.m */; };
		EF5B58D216BDBA18008626BA /* AFPropertyListRequestOperation.m in Sources */ = {isa = PBXBuildFile; fileRef = EF5B58C616BDBA18008626BA /* AFPropertyListRequestOperation.m */; };
		EF5B58D316BDBA18008626BA /* AFURLConnectionOperation.m in Sources */ = {isa = PBXBuildFile; fileRef = EF5B58C816BDBA18008626BA /* AFURLConnectionOperation.m */; };
		EF5B58D416BDBA18008626BA /* AFXMLRequestOperation.m in Sources */ = {isa = PBXBuildFile; fileRef = EF5B58CA16BDBA18008626BA /* AFXMLRequestOperation.m */; };
		EF5B58D516BDBA18008626BA /* UIImageView+AFNetworking.m in Sources */ = {isa = PBXBuildFile; fileRef = EF5B58CC16BDBA18008626BA /* UIImageView+AFNetworking.m */; };
		EF5B58D916BDBA3D008626BA /* RTHSearchViewController.m in Sources */ = {isa = PBXBuildFile; fileRef = EF5B58D816BDBA3D008626BA /* RTHSearchViewController.m */; };
		EF5B58E516BDBB6A008626BA /* RTHListing.m in Sources */ = {isa = PBXBuildFile; fileRef = EF5B58E416BDBB6A008626BA /* RTHListing.m */; };
		EF5B58E916BDBBCB008626BA /* RTHEtsyClient.m in Sources */ = {isa = PBXBuildFile; fileRef = EF5B58E816BDBBCB008626BA /* RTHEtsyClient.m */; };
		EF5B58EE16BDC568008626BA /* RTHListingCell.m in Sources */ = {isa = PBXBuildFile; fileRef = EF5B58ED16BDC568008626BA /* RTHListingCell.m */; };
		EF5B58F116BDD8F0008626BA /* RTHCategory.m in Sources */ = {isa = PBXBuildFile; fileRef = EF5B58F016BDD8F0008626BA /* RTHCategory.m */; };
		EF5B58F616BDD9B1008626BA /* RTHCategoryViewController.m in Sources */ = {isa = PBXBuildFile; fileRef = EF5B58F516BDD9B1008626BA /* RTHCategoryViewController.m */; };
		EF5B591116BDE06F008626BA /* RTHPriceViewController.m in Sources */ = {isa = PBXBuildFile; fileRef = EF5B591016BDE06E008626BA /* RTHPriceViewController.m */; };
		EF5B591816BDE456008626BA /* QuartzCore.framework in Frameworks */ = {isa = PBXBuildFile; fileRef = EF5B591716BDE456008626BA /* QuartzCore.framework */; };
		EF724A7A17232057008DDA58 /* icon_16.png in Resources */ = {isa = PBXBuildFile; fileRef = EF724A7317232057008DDA58 /* icon_16.png */; };
		EF724A7B17232057008DDA58 /* icon_29.png in Resources */ = {isa = PBXBuildFile; fileRef = EF724A7417232057008DDA58 /* icon_29.png */; };
		EF724A7C17232057008DDA58 /* icon_57.png in Resources */ = {isa = PBXBuildFile; fileRef = EF724A7517232057008DDA58 /* icon_57.png */; };
		EF724A7D17232057008DDA58 /* icon_72.png in Resources */ = {isa = PBXBuildFile; fileRef = EF724A7617232057008DDA58 /* icon_72.png */; };
		EF724A7E17232057008DDA58 /* icon_114.png in Resources */ = {isa = PBXBuildFile; fileRef = EF724A7717232057008DDA58 /* icon_114.png */; };
		EF724A7F17232057008DDA58 /* icon_512.png in Resources */ = {isa = PBXBuildFile; fileRef = EF724A7817232057008DDA58 /* icon_512.png */; };
		EF724A8017232057008DDA58 /* icon_1024.png in Resources */ = {isa = PBXBuildFile; fileRef = EF724A7917232057008DDA58 /* icon_1024.png */; };
		EF768EA416C84BED00DCB1ED /* RTHLocaleHelper.m in Sources */ = {isa = PBXBuildFile; fileRef = EF768EA316C84BED00DCB1ED /* RTHLocaleHelper.m */; };
		EF768EA716C8532200DCB1ED /* RTHImageUtil.m in Sources */ = {isa = PBXBuildFile; fileRef = EF768EA616C8532200DCB1ED /* RTHImageUtil.m */; };
		EF768EAB16C855B300DCB1ED /* RTHAboutViewController.m in Sources */ = {isa = PBXBuildFile; fileRef = EF768EAA16C855B300DCB1ED /* RTHAboutViewController.m */; };
		EF78EB6B16BE9CAA006D8048 /* RTHColorHistory.m in Sources */ = {isa = PBXBuildFile; fileRef = EF78EB6A16BE9CAA006D8048 /* RTHColorHistory.m */; };
		EF78EB6E16BE9ED1006D8048 /* RTHColorHistoryViewController.m in Sources */ = {isa = PBXBuildFile; fileRef = EF78EB6D16BE9ED1006D8048 /* RTHColorHistoryViewController.m */; };
		EFA6A6BE16BEAE4C0073D719 /* config.plist in Resources */ = {isa = PBXBuildFile; fileRef = EFA6A6BD16BEAE4C0073D719 /* config.plist */; };
		EFA6A6C116BEAEBB0073D719 /* RTHEtsyConfig.m in Sources */ = {isa = PBXBuildFile; fileRef = EFA6A6C016BEAEBB0073D719 /* RTHEtsyConfig.m */; };
		EFCF8D7C16D042EB00E14663 /* RTHListingViewController.m in Sources */ = {isa = PBXBuildFile; fileRef = EFCF8D7B16D042EB00E14663 /* RTHListingViewController.m */; };
		EFCF8D7F16D0438300E14663 /* RTHListingView.m in Sources */ = {isa = PBXBuildFile; fileRef = EFCF8D7E16D0438300E14663 /* RTHListingView.m */; };
		EFDAC8BB1736CFF700C884B4 /* SystemConfiguration.framework in Frameworks */ = {isa = PBXBuildFile; fileRef = EFDAC8BA1736CFF700C884B4 /* SystemConfiguration.framework */; };
		EFDAC8BD1736CFFC00C884B4 /* MobileCoreServices.framework in Frameworks */ = {isa = PBXBuildFile; fileRef = EFDAC8BC1736CFFC00C884B4 /* MobileCoreServices.framework */; };
		EFF7683D16BD9CB500265767 /* UIKit.framework in Frameworks */ = {isa = PBXBuildFile; fileRef = EFF7683C16BD9CB500265767 /* UIKit.framework */; };
		EFF7683F16BD9CB500265767 /* Foundation.framework in Frameworks */ = {isa = PBXBuildFile; fileRef = EFF7683E16BD9CB500265767 /* Foundation.framework */; };
		EFF7684116BD9CB500265767 /* CoreGraphics.framework in Frameworks */ = {isa = PBXBuildFile; fileRef = EFF7684016BD9CB500265767 /* CoreGraphics.framework */; };
		EFF7684716BD9CB500265767 /* InfoPlist.strings in Resources */ = {isa = PBXBuildFile; fileRef = EFF7684516BD9CB500265767 /* InfoPlist.strings */; };
		EFF7684916BD9CB500265767 /* main.m in Sources */ = {isa = PBXBuildFile; fileRef = EFF7684816BD9CB500265767 /* main.m */; };
		EFF7684D16BD9CB500265767 /* RTHAppDelegate.m in Sources */ = {isa = PBXBuildFile; fileRef = EFF7684C16BD9CB500265767 /* RTHAppDelegate.m */; };
		EFF7684F16BD9CB500265767 /* Default.png in Resources */ = {isa = PBXBuildFile; fileRef = EFF7684E16BD9CB500265767 /* Default.png */; };
		EFF7685116BD9CB500265767 /* Default@2x.png in Resources */ = {isa = PBXBuildFile; fileRef = EFF7685016BD9CB500265767 /* Default@2x.png */; };
		EFF7685316BD9CB500265767 /* Default-568h@2x.png in Resources */ = {isa = PBXBuildFile; fileRef = EFF7685216BD9CB500265767 /* Default-568h@2x.png */; };
		EFF7685616BD9CB500265767 /* RTHColorSelectionViewController.m in Sources */ = {isa = PBXBuildFile; fileRef = EFF7685516BD9CB500265767 /* RTHColorSelectionViewController.m */; };
		EFF7686416BDA0C800265767 /* RTHColorUtil.m in Sources */ = {isa = PBXBuildFile; fileRef = EFF7686316BDA0C800265767 /* RTHColorUtil.m */; };
		EFF7686616BDA6EE00265767 /* CoreImage.framework in Frameworks */ = {isa = PBXBuildFile; fileRef = EFF7686516BDA6EE00265767 /* CoreImage.framework */; };
/* End PBXBuildFile section */

/* Begin PBXFileReference section */
		EF036A1D16D0166A009AA728 /* RTHHomeViewController.h */ = {isa = PBXFileReference; fileEncoding = 4; lastKnownFileType = sourcecode.c.h; path = RTHHomeViewController.h; sourceTree = "<group>"; };
		EF036A1E16D0166A009AA728 /* RTHHomeViewController.m */ = {isa = PBXFileReference; fileEncoding = 4; lastKnownFileType = sourcecode.c.objc; path = RTHHomeViewController.m; sourceTree = "<group>"; };
		EF036A2116D016CB009AA728 /* RTHButton.h */ = {isa = PBXFileReference; fileEncoding = 4; lastKnownFileType = sourcecode.c.h; path = RTHButton.h; sourceTree = "<group>"; };
		EF036A2216D016CB009AA728 /* RTHButton.m */ = {isa = PBXFileReference; fileEncoding = 4; lastKnownFileType = sourcecode.c.objc; path = RTHButton.m; sourceTree = "<group>"; };
		EF036A2516D0173C009AA728 /* RTHHomeView.h */ = {isa = PBXFileReference; fileEncoding = 4; lastKnownFileType = sourcecode.c.h; path = RTHHomeView.h; sourceTree = "<group>"; };
		EF036A2616D0173C009AA728 /* RTHHomeView.m */ = {isa = PBXFileReference; fileEncoding = 4; lastKnownFileType = sourcecode.c.objc; path = RTHHomeView.m; sourceTree = "<group>"; };
		EF036A2A16D02A11009AA728 /* RTHCategoryView.h */ = {isa = PBXFileReference; fileEncoding = 4; lastKnownFileType = sourcecode.c.h; path = RTHCategoryView.h; sourceTree = "<group>"; };
		EF036A2B16D02A11009AA728 /* RTHCategoryView.m */ = {isa = PBXFileReference; fileEncoding = 4; lastKnownFileType = sourcecode.c.objc; path = RTHCategoryView.m; sourceTree = "<group>"; };
		EF036A2D16D033AA009AA728 /* RTHSearchHeaderView.h */ = {isa = PBXFileReference; fileEncoding = 4; lastKnownFileType = sourcecode.c.h; path = RTHSearchHeaderView.h; sourceTree = "<group>"; };
		EF036A2E16D033AA009AA728 /* RTHSearchHeaderView.m */ = {isa = PBXFileReference; fileEncoding = 4; lastKnownFileType = sourcecode.c.objc; path = RTHSearchHeaderView.m; sourceTree = "<group>"; };
		EF3A87CA16D0686600D91D39 /* etsy_badge.gif */ = {isa = PBXFileReference; lastKnownFileType = image.gif; path = etsy_badge.gif; sourceTree = "<group>"; };
		EF3A87CD16D06B5A00D91D39 /* MagnifierView.h */ = {isa = PBXFileReference; fileEncoding = 4; lastKnownFileType = sourcecode.c.h; path = MagnifierView.h; sourceTree = "<group>"; };
		EF3A87CE16D06B5A00D91D39 /* MagnifierView.m */ = {isa = PBXFileReference; fileEncoding = 4; lastKnownFileType = sourcecode.c.objc; path = MagnifierView.m; sourceTree = "<group>"; };
		EF4783BA16D2DCD200A612E5 /* Flurry.h */ = {isa = PBXFileReference; fileEncoding = 4; lastKnownFileType = sourcecode.c.h; path = Flurry.h; sourceTree = "<group>"; };
		EF4783BB16D2DCD200A612E5 /* libFlurry.a */ = {isa = PBXFileReference; lastKnownFileType = archive.ar; path = libFlurry.a; sourceTree = "<group>"; };
		EF4783BD16D2DCF000A612E5 /* RTHAnalytics.h */ = {isa = PBXFileReference; fileEncoding = 4; lastKnownFileType = sourcecode.c.h; path = RTHAnalytics.h; sourceTree = "<group>"; };
		EF4783BE16D2DCF000A612E5 /* RTHAnalytics.m */ = {isa = PBXFileReference; fileEncoding = 4; lastKnownFileType = sourcecode.c.objc; path = RTHAnalytics.m; sourceTree = "<group>"; };
		EF4783C116D2E93700A612E5 /* NSString+HTML.h */ = {isa = PBXFileReference; fileEncoding = 4; lastKnownFileType = sourcecode.c.h; path = "NSString+HTML.h"; sourceTree = "<group>"; };
		EF4783C216D2E93700A612E5 /* NSString+HTML.m */ = {isa = PBXFileReference; fileEncoding = 4; lastKnownFileType = sourcecode.c.objc; path = "NSString+HTML.m"; sourceTree = "<group>"; };
		EF4783C416D2E97200A612E5 /* GTMNSString+HTML.h */ = {isa = PBXFileReference; fileEncoding = 4; lastKnownFileType = sourcecode.c.h; path = "GTMNSString+HTML.h"; sourceTree = "<group>"; };
		EF4783C516D2E97200A612E5 /* GTMNSString+HTML.m */ = {isa = PBXFileReference; fileEncoding = 4; lastKnownFileType = sourcecode.c.objc; path = "GTMNSString+HTML.m"; sourceTree = "<group>"; };
		EF5B58BA16BDBA18008626BA /* AFHTTPClient.h */ = {isa = PBXFileReference; fileEncoding = 4; lastKnownFileType = sourcecode.c.h; path = AFHTTPClient.h; sourceTree = "<group>"; };
		EF5B58BB16BDBA18008626BA /* AFHTTPClient.m */ = {isa = PBXFileReference; fileEncoding = 4; lastKnownFileType = sourcecode.c.objc; path = AFHTTPClient.m; sourceTree = "<group>"; };
		EF5B58BC16BDBA18008626BA /* AFHTTPRequestOperation.h */ = {isa = PBXFileReference; fileEncoding = 4; lastKnownFileType = sourcecode.c.h; path = AFHTTPRequestOperation.h; sourceTree = "<group>"; };
		EF5B58BD16BDBA18008626BA /* AFHTTPRequestOperation.m */ = {isa = PBXFileReference; fileEncoding = 4; lastKnownFileType = sourcecode.c.objc; path = AFHTTPRequestOperation.m; sourceTree = "<group>"; };
		EF5B58BE16BDBA18008626BA /* AFImageRequestOperation.h */ = {isa = PBXFileReference; fileEncoding = 4; lastKnownFileType = sourcecode.c.h; path = AFImageRequestOperation.h; sourceTree = "<group>"; };
		EF5B58BF16BDBA18008626BA /* AFImageRequestOperation.m */ = {isa = PBXFileReference; fileEncoding = 4; lastKnownFileType = sourcecode.c.objc; path = AFImageRequestOperation.m; sourceTree = "<group>"; };
		EF5B58C016BDBA18008626BA /* AFJSONRequestOperation.h */ = {isa = PBXFileReference; fileEncoding = 4; lastKnownFileType = sourcecode.c.h; path = AFJSONRequestOperation.h; sourceTree = "<group>"; };
		EF5B58C116BDBA18008626BA /* AFJSONRequestOperation.m */ = {isa = PBXFileReference; fileEncoding = 4; lastKnownFileType = sourcecode.c.objc; path = AFJSONRequestOperation.m; sourceTree = "<group>"; };
		EF5B58C216BDBA18008626BA /* AFNetworkActivityIndicatorManager.h */ = {isa = PBXFileReference; fileEncoding = 4; lastKnownFileType = sourcecode.c.h; path = AFNetworkActivityIndicatorManager.h; sourceTree = "<group>"; };
		EF5B58C316BDBA18008626BA /* AFNetworkActivityIndicatorManager.m */ = {isa = PBXFileReference; fileEncoding = 4; lastKnownFileType = sourcecode.c.objc; path = AFNetworkActivityIndicatorManager.m; sourceTree = "<group>"; };
		EF5B58C416BDBA18008626BA /* AFNetworking.h */ = {isa = PBXFileReference; fileEncoding = 4; lastKnownFileType = sourcecode.c.h; path = AFNetworking.h; sourceTree = "<group>"; };
		EF5B58C516BDBA18008626BA /* AFPropertyListRequestOperation.h */ = {isa = PBXFileReference; fileEncoding = 4; lastKnownFileType = sourcecode.c.h; path = AFPropertyListRequestOperation.h; sourceTree = "<group>"; };
		EF5B58C616BDBA18008626BA /* AFPropertyListRequestOperation.m */ = {isa = PBXFileReference; fileEncoding = 4; lastKnownFileType = sourcecode.c.objc; path = AFPropertyListRequestOperation.m; sourceTree = "<group>"; };
		EF5B58C716BDBA18008626BA /* AFURLConnectionOperation.h */ = {isa = PBXFileReference; fileEncoding = 4; lastKnownFileType = sourcecode.c.h; path = AFURLConnectionOperation.h; sourceTree = "<group>"; };
		EF5B58C816BDBA18008626BA /* AFURLConnectionOperation.m */ = {isa = PBXFileReference; fileEncoding = 4; lastKnownFileType = sourcecode.c.objc; path = AFURLConnectionOperation.m; sourceTree = "<group>"; };
		EF5B58C916BDBA18008626BA /* AFXMLRequestOperation.h */ = {isa = PBXFileReference; fileEncoding = 4; lastKnownFileType = sourcecode.c.h; path = AFXMLRequestOperation.h; sourceTree = "<group>"; };
		EF5B58CA16BDBA18008626BA /* AFXMLRequestOperation.m */ = {isa = PBXFileReference; fileEncoding = 4; lastKnownFileType = sourcecode.c.objc; path = AFXMLRequestOperation.m; sourceTree = "<group>"; };
		EF5B58CB16BDBA18008626BA /* UIImageView+AFNetworking.h */ = {isa = PBXFileReference; fileEncoding = 4; lastKnownFileType = sourcecode.c.h; path = "UIImageView+AFNetworking.h"; sourceTree = "<group>"; };
		EF5B58CC16BDBA18008626BA /* UIImageView+AFNetworking.m */ = {isa = PBXFileReference; fileEncoding = 4; lastKnownFileType = sourcecode.c.objc; path = "UIImageView+AFNetworking.m"; sourceTree = "<group>"; };
		EF5B58D716BDBA3D008626BA /* RTHSearchViewController.h */ = {isa = PBXFileReference; fileEncoding = 4; lastKnownFileType = sourcecode.c.h; path = RTHSearchViewController.h; sourceTree = "<group>"; };
		EF5B58D816BDBA3D008626BA /* RTHSearchViewController.m */ = {isa = PBXFileReference; fileEncoding = 4; lastKnownFileType = sourcecode.c.objc; path = RTHSearchViewController.m; sourceTree = "<group>"; };
		EF5B58E316BDBB6A008626BA /* RTHListing.h */ = {isa = PBXFileReference; fileEncoding = 4; lastKnownFileType = sourcecode.c.h; path = RTHListing.h; sourceTree = "<group>"; };
		EF5B58E416BDBB6A008626BA /* RTHListing.m */ = {isa = PBXFileReference; fileEncoding = 4; lastKnownFileType = sourcecode.c.objc; path = RTHListing.m; sourceTree = "<group>"; };
		EF5B58E716BDBBCB008626BA /* RTHEtsyClient.h */ = {isa = PBXFileReference; fileEncoding = 4; lastKnownFileType = sourcecode.c.h; path = RTHEtsyClient.h; sourceTree = "<group>"; };
		EF5B58E816BDBBCB008626BA /* RTHEtsyClient.m */ = {isa = PBXFileReference; fileEncoding = 4; lastKnownFileType = sourcecode.c.objc; path = RTHEtsyClient.m; sourceTree = "<group>"; };
		EF5B58EC16BDC567008626BA /* RTHListingCell.h */ = {isa = PBXFileReference; fileEncoding = 4; lastKnownFileType = sourcecode.c.h; path = RTHListingCell.h; sourceTree = "<group>"; };
		EF5B58ED16BDC568008626BA /* RTHListingCell.m */ = {isa = PBXFileReference; fileEncoding = 4; lastKnownFileType = sourcecode.c.objc; path = RTHListingCell.m; sourceTree = "<group>"; };
		EF5B58EF16BDD8F0008626BA /* RTHCategory.h */ = {isa = PBXFileReference; fileEncoding = 4; lastKnownFileType = sourcecode.c.h; path = RTHCategory.h; sourceTree = "<group>"; };
		EF5B58F016BDD8F0008626BA /* RTHCategory.m */ = {isa = PBXFileReference; fileEncoding = 4; lastKnownFileType = sourcecode.c.objc; path = RTHCategory.m; sourceTree = "<group>"; };
		EF5B58F416BDD9B1008626BA /* RTHCategoryViewController.h */ = {isa = PBXFileReference; fileEncoding = 4; lastKnownFileType = sourcecode.c.h; path = RTHCategoryViewController.h; sourceTree = "<group>"; };
		EF5B58F516BDD9B1008626BA /* RTHCategoryViewController.m */ = {isa = PBXFileReference; fileEncoding = 4; lastKnownFileType = sourcecode.c.objc; path = RTHCategoryViewController.m; sourceTree = "<group>"; };
		EF5B590F16BDE06E008626BA /* RTHPriceViewController.h */ = {isa = PBXFileReference; fileEncoding = 4; lastKnownFileType = sourcecode.c.h; path = RTHPriceViewController.h; sourceTree = "<group>"; };
		EF5B591016BDE06E008626BA /* RTHPriceViewController.m */ = {isa = PBXFileReference; fileEncoding = 4; lastKnownFileType = sourcecode.c.objc; path = RTHPriceViewController.m; sourceTree = "<group>"; };
		EF5B591716BDE456008626BA /* QuartzCore.framework */ = {isa = PBXFileReference; lastKnownFileType = wrapper.framework; name = QuartzCore.framework; path = System/Library/Frameworks/QuartzCore.framework; sourceTree = SDKROOT; };
		EF724A7317232057008DDA58 /* icon_16.png */ = {isa = PBXFileReference; lastKnownFileType = image.png; path = icon_16.png; sourceTree = "<group>"; };
		EF724A7417232057008DDA58 /* icon_29.png */ = {isa = PBXFileReference; lastKnownFileType = image.png; path = icon_29.png; sourceTree = "<group>"; };
		EF724A7517232057008DDA58 /* icon_57.png */ = {isa = PBXFileReference; lastKnownFileType = image.png; path = icon_57.png; sourceTree = "<group>"; };
		EF724A7617232057008DDA58 /* icon_72.png */ = {isa = PBXFileReference; lastKnownFileType = image.png; path = icon_72.png; sourceTree = "<group>"; };
		EF724A7717232057008DDA58 /* icon_114.png */ = {isa = PBXFileReference; lastKnownFileType = image.png; path = icon_114.png; sourceTree = "<group>"; };
		EF724A7817232057008DDA58 /* icon_512.png */ = {isa = PBXFileReference; lastKnownFileType = image.png; path = icon_512.png; sourceTree = "<group>"; };
		EF724A7917232057008DDA58 /* icon_1024.png */ = {isa = PBXFileReference; lastKnownFileType = image.png; path = icon_1024.png; sourceTree = "<group>"; };
		EF768EA216C84BEC00DCB1ED /* RTHLocaleHelper.h */ = {isa = PBXFileReference; fileEncoding = 4; lastKnownFileType = sourcecode.c.h; path = RTHLocaleHelper.h; sourceTree = "<group>"; };
		EF768EA316C84BED00DCB1ED /* RTHLocaleHelper.m */ = {isa = PBXFileReference; fileEncoding = 4; lastKnownFileType = sourcecode.c.objc; path = RTHLocaleHelper.m; sourceTree = "<group>"; };
		EF768EA516C8532200DCB1ED /* RTHImageUtil.h */ = {isa = PBXFileReference; fileEncoding = 4; lastKnownFileType = sourcecode.c.h; path = RTHImageUtil.h; sourceTree = "<group>"; };
		EF768EA616C8532200DCB1ED /* RTHImageUtil.m */ = {isa = PBXFileReference; fileEncoding = 4; lastKnownFileType = sourcecode.c.objc; path = RTHImageUtil.m; sourceTree = "<group>"; };
		EF768EA916C855B300DCB1ED /* RTHAboutViewController.h */ = {isa = PBXFileReference; fileEncoding = 4; lastKnownFileType = sourcecode.c.h; path = RTHAboutViewController.h; sourceTree = "<group>"; };
		EF768EAA16C855B300DCB1ED /* RTHAboutViewController.m */ = {isa = PBXFileReference; fileEncoding = 4; lastKnownFileType = sourcecode.c.objc; path = RTHAboutViewController.m; sourceTree = "<group>"; };
		EF78EB6916BE9CAA006D8048 /* RTHColorHistory.h */ = {isa = PBXFileReference; fileEncoding = 4; lastKnownFileType = sourcecode.c.h; path = RTHColorHistory.h; sourceTree = "<group>"; };
		EF78EB6A16BE9CAA006D8048 /* RTHColorHistory.m */ = {isa = PBXFileReference; fileEncoding = 4; lastKnownFileType = sourcecode.c.objc; path = RTHColorHistory.m; sourceTree = "<group>"; };
		EF78EB6C16BE9ED1006D8048 /* RTHColorHistoryViewController.h */ = {isa = PBXFileReference; fileEncoding = 4; lastKnownFileType = sourcecode.c.h; path = RTHColorHistoryViewController.h; sourceTree = "<group>"; };
		EF78EB6D16BE9ED1006D8048 /* RTHColorHistoryViewController.m */ = {isa = PBXFileReference; fileEncoding = 4; lastKnownFileType = sourcecode.c.objc; path = RTHColorHistoryViewController.m; sourceTree = "<group>"; };
		EFA6A6BD16BEAE4C0073D719 /* config.plist */ = {isa = PBXFileReference; fileEncoding = 4; lastKnownFileType = text.plist.xml; path = config.plist; sourceTree = SOURCE_ROOT; };
		EFA6A6BF16BEAEBA0073D719 /* RTHEtsyConfig.h */ = {isa = PBXFileReference; fileEncoding = 4; lastKnownFileType = sourcecode.c.h; path = RTHEtsyConfig.h; sourceTree = "<group>"; };
		EFA6A6C016BEAEBB0073D719 /* RTHEtsyConfig.m */ = {isa = PBXFileReference; fileEncoding = 4; lastKnownFileType = sourcecode.c.objc; path = RTHEtsyConfig.m; sourceTree = "<group>"; };
		EFCF8D7A16D042EB00E14663 /* RTHListingViewController.h */ = {isa = PBXFileReference; fileEncoding = 4; lastKnownFileType = sourcecode.c.h; path = RTHListingViewController.h; sourceTree = "<group>"; };
		EFCF8D7B16D042EB00E14663 /* RTHListingViewController.m */ = {isa = PBXFileReference; fileEncoding = 4; lastKnownFileType = sourcecode.c.objc; path = RTHListingViewController.m; sourceTree = "<group>"; };
		EFCF8D7D16D0438300E14663 /* RTHListingView.h */ = {isa = PBXFileReference; fileEncoding = 4; lastKnownFileType = sourcecode.c.h; path = RTHListingView.h; sourceTree = "<group>"; };
		EFCF8D7E16D0438300E14663 /* RTHListingView.m */ = {isa = PBXFileReference; fileEncoding = 4; lastKnownFileType = sourcecode.c.objc; path = RTHListingView.m; sourceTree = "<group>"; };
		EFDAC8BA1736CFF700C884B4 /* SystemConfiguration.framework */ = {isa = PBXFileReference; lastKnownFileType = wrapper.framework; name = SystemConfiguration.framework; path = System/Library/Frameworks/SystemConfiguration.framework; sourceTree = SDKROOT; };
		EFDAC8BC1736CFFC00C884B4 /* MobileCoreServices.framework */ = {isa = PBXFileReference; lastKnownFileType = wrapper.framework; name = MobileCoreServices.framework; path = System/Library/Frameworks/MobileCoreServices.framework; sourceTree = SDKROOT; };
		EFF7683816BD9CB500265767 /* Chromatic.app */ = {isa = PBXFileReference; explicitFileType = wrapper.application; includeInIndex = 0; path = Chromatic.app; sourceTree = BUILT_PRODUCTS_DIR; };
		EFF7683C16BD9CB500265767 /* UIKit.framework */ = {isa = PBXFileReference; lastKnownFileType = wrapper.framework; name = UIKit.framework; path = System/Library/Frameworks/UIKit.framework; sourceTree = SDKROOT; };
		EFF7683E16BD9CB500265767 /* Foundation.framework */ = {isa = PBXFileReference; lastKnownFileType = wrapper.framework; name = Foundation.framework; path = System/Library/Frameworks/Foundation.framework; sourceTree = SDKROOT; };
		EFF7684016BD9CB500265767 /* CoreGraphics.framework */ = {isa = PBXFileReference; lastKnownFileType = wrapper.framework; name = CoreGraphics.framework; path = System/Library/Frameworks/CoreGraphics.framework; sourceTree = SDKROOT; };
		EFF7684416BD9CB500265767 /* Chromatic-Info.plist */ = {isa = PBXFileReference; lastKnownFileType = text.plist.xml; path = "Chromatic-Info.plist"; sourceTree = "<group>"; };
		EFF7684616BD9CB500265767 /* en */ = {isa = PBXFileReference; lastKnownFileType = text.plist.strings; name = en; path = en.lproj/InfoPlist.strings; sourceTree = "<group>"; };
		EFF7684816BD9CB500265767 /* main.m */ = {isa = PBXFileReference; lastKnownFileType = sourcecode.c.objc; path = main.m; sourceTree = "<group>"; };
		EFF7684A16BD9CB500265767 /* Chromatic-Prefix.pch */ = {isa = PBXFileReference; lastKnownFileType = sourcecode.c.h; path = "Chromatic-Prefix.pch"; sourceTree = "<group>"; };
		EFF7684B16BD9CB500265767 /* RTHAppDelegate.h */ = {isa = PBXFileReference; lastKnownFileType = sourcecode.c.h; path = RTHAppDelegate.h; sourceTree = "<group>"; };
		EFF7684C16BD9CB500265767 /* RTHAppDelegate.m */ = {isa = PBXFileReference; lastKnownFileType = sourcecode.c.objc; path = RTHAppDelegate.m; sourceTree = "<group>"; };
		EFF7684E16BD9CB500265767 /* Default.png */ = {isa = PBXFileReference; lastKnownFileType = image.png; path = Default.png; sourceTree = "<group>"; };
		EFF7685016BD9CB500265767 /* Default@2x.png */ = {isa = PBXFileReference; lastKnownFileType = image.png; path = "Default@2x.png"; sourceTree = "<group>"; };
		EFF7685216BD9CB500265767 /* Default-568h@2x.png */ = {isa = PBXFileReference; lastKnownFileType = image.png; path = "Default-568h@2x.png"; sourceTree = "<group>"; };
		EFF7685416BD9CB500265767 /* RTHColorSelectionViewController.h */ = {isa = PBXFileReference; lastKnownFileType = sourcecode.c.h; path = RTHColorSelectionViewController.h; sourceTree = "<group>"; };
		EFF7685516BD9CB500265767 /* RTHColorSelectionViewController.m */ = {isa = PBXFileReference; lastKnownFileType = sourcecode.c.objc; path = RTHColorSelectionViewController.m; sourceTree = "<group>"; };
		EFF7686216BDA0C800265767 /* RTHColorUtil.h */ = {isa = PBXFileReference; fileEncoding = 4; lastKnownFileType = sourcecode.c.h; path = RTHColorUtil.h; sourceTree = "<group>"; };
		EFF7686316BDA0C800265767 /* RTHColorUtil.m */ = {isa = PBXFileReference; fileEncoding = 4; lastKnownFileType = sourcecode.c.objc; path = RTHColorUtil.m; sourceTree = "<group>"; };
		EFF7686516BDA6EE00265767 /* CoreImage.framework */ = {isa = PBXFileReference; lastKnownFileType = wrapper.framework; name = CoreImage.framework; path = System/Library/Frameworks/CoreImage.framework; sourceTree = SDKROOT; };
/* End PBXFileReference section */

/* Begin PBXFrameworksBuildPhase section */
		EFF7683516BD9CB500265767 /* Frameworks */ = {
			isa = PBXFrameworksBuildPhase;
			buildActionMask = 2147483647;
			files = (
				EFDAC8BD1736CFFC00C884B4 /* MobileCoreServices.framework in Frameworks */,
				EFDAC8BB1736CFF700C884B4 /* SystemConfiguration.framework in Frameworks */,
				EF5B591816BDE456008626BA /* QuartzCore.framework in Frameworks */,
				EFF7686616BDA6EE00265767 /* CoreImage.framework in Frameworks */,
				EFF7683D16BD9CB500265767 /* UIKit.framework in Frameworks */,
				EFF7683F16BD9CB500265767 /* Foundation.framework in Frameworks */,
				EFF7684116BD9CB500265767 /* CoreGraphics.framework in Frameworks */,
				EF4783BC16D2DCD200A612E5 /* libFlurry.a in Frameworks */,
			);
			runOnlyForDeploymentPostprocessing = 0;
		};
/* End PBXFrameworksBuildPhase section */

/* Begin PBXGroup section */
		EF036A2016D016BD009AA728 /* views */ = {
			isa = PBXGroup;
			children = (
				EF036A2516D0173C009AA728 /* RTHHomeView.h */,
				EF036A2616D0173C009AA728 /* RTHHomeView.m */,
				EF036A2116D016CB009AA728 /* RTHButton.h */,
				EF036A2216D016CB009AA728 /* RTHButton.m */,
			);
			name = views;
			sourceTree = "<group>";
		};
		EF036A2416D0172F009AA728 /* home */ = {
			isa = PBXGroup;
			children = (
				EF036A1D16D0166A009AA728 /* RTHHomeViewController.h */,
				EF036A1E16D0166A009AA728 /* RTHHomeViewController.m */,
				EF78EB6C16BE9ED1006D8048 /* RTHColorHistoryViewController.h */,
				EF78EB6D16BE9ED1006D8048 /* RTHColorHistoryViewController.m */,
			);
			name = home;
			sourceTree = "<group>";
		};
		EF036A2816D019AE009AA728 /* Utilities */ = {
			isa = PBXGroup;
			children = (
				EF768EA216C84BEC00DCB1ED /* RTHLocaleHelper.h */,
				EF768EA316C84BED00DCB1ED /* RTHLocaleHelper.m */,
				EFF7686216BDA0C800265767 /* RTHColorUtil.h */,
				EFF7686316BDA0C800265767 /* RTHColorUtil.m */,
				EF768EA516C8532200DCB1ED /* RTHImageUtil.h */,
				EF768EA616C8532200DCB1ED /* RTHImageUtil.m */,
				EF4783BD16D2DCF000A612E5 /* RTHAnalytics.h */,
				EF4783BE16D2DCF000A612E5 /* RTHAnalytics.m */,
			);
			name = Utilities;
			sourceTree = "<group>";
		};
		EF036A2916D0247D009AA728 /* Third Party */ = {
			isa = PBXGroup;
			children = (
				EF4783C016D2E91C00A612E5 /* NSString+HTML */,
				EF4783B916D2DCD200A612E5 /* Flurry */,
				EF3A87CC16D06B4500D91D39 /* Mangifier */,
				EF5B58B916BDBA18008626BA /* AFNetworking */,
			);
			name = "Third Party";
			sourceTree = "<group>";
		};
		EF036A3016D04257009AA728 /* Listing */ = {
			isa = PBXGroup;
			children = (
				EFCF8D7A16D042EB00E14663 /* RTHListingViewController.h */,
				EFCF8D7B16D042EB00E14663 /* RTHListingViewController.m */,
				EFCF8D7D16D0438300E14663 /* RTHListingView.h */,
				EFCF8D7E16D0438300E14663 /* RTHListingView.m */,
			);
			name = Listing;
			sourceTree = "<group>";
		};
		EF3A87C916D0685A00D91D39 /* images */ = {
			isa = PBXGroup;
			children = (
				EF3A87CA16D0686600D91D39 /* etsy_badge.gif */,
				EF724A721723204A008DDA58 /* icons */,
				EF724A7117232044008DDA58 /* defaults */,
			);
			name = images;
			sourceTree = "<group>";
		};
		EF3A87CC16D06B4500D91D39 /* Mangifier */ = {
			isa = PBXGroup;
			children = (
				EF3A87CD16D06B5A00D91D39 /* MagnifierView.h */,
				EF3A87CE16D06B5A00D91D39 /* MagnifierView.m */,
			);
			name = Mangifier;
			sourceTree = "<group>";
		};
		EF4783B916D2DCD200A612E5 /* Flurry */ = {
			isa = PBXGroup;
			children = (
				EF4783BA16D2DCD200A612E5 /* Flurry.h */,
				EF4783BB16D2DCD200A612E5 /* libFlurry.a */,
			);
			path = Flurry;
			sourceTree = "<group>";
		};
		EF4783C016D2E91C00A612E5 /* NSString+HTML */ = {
			isa = PBXGroup;
			children = (
				EF4783C116D2E93700A612E5 /* NSString+HTML.h */,
				EF4783C216D2E93700A612E5 /* NSString+HTML.m */,
				EF4783C416D2E97200A612E5 /* GTMNSString+HTML.h */,
				EF4783C516D2E97200A612E5 /* GTMNSString+HTML.m */,
			);
			name = "NSString+HTML";
			sourceTree = "<group>";
		};
		EF5B58B916BDBA18008626BA /* AFNetworking */ = {
			isa = PBXGroup;
			children = (
				EF5B58BA16BDBA18008626BA /* AFHTTPClient.h */,
				EF5B58BB16BDBA18008626BA /* AFHTTPClient.m */,
				EF5B58BC16BDBA18008626BA /* AFHTTPRequestOperation.h */,
				EF5B58BD16BDBA18008626BA /* AFHTTPRequestOperation.m */,
				EF5B58BE16BDBA18008626BA /* AFImageRequestOperation.h */,
				EF5B58BF16BDBA18008626BA /* AFImageRequestOperation.m */,
				EF5B58C016BDBA18008626BA /* AFJSONRequestOperation.h */,
				EF5B58C116BDBA18008626BA /* AFJSONRequestOperation.m */,
				EF5B58C216BDBA18008626BA /* AFNetworkActivityIndicatorManager.h */,
				EF5B58C316BDBA18008626BA /* AFNetworkActivityIndicatorManager.m */,
				EF5B58C416BDBA18008626BA /* AFNetworking.h */,
				EF5B58C516BDBA18008626BA /* AFPropertyListRequestOperation.h */,
				EF5B58C616BDBA18008626BA /* AFPropertyListRequestOperation.m */,
				EF5B58C716BDBA18008626BA /* AFURLConnectionOperation.h */,
				EF5B58C816BDBA18008626BA /* AFURLConnectionOperation.m */,
				EF5B58C916BDBA18008626BA /* AFXMLRequestOperation.h */,
				EF5B58CA16BDBA18008626BA /* AFXMLRequestOperation.m */,
				EF5B58CB16BDBA18008626BA /* UIImageView+AFNetworking.h */,
				EF5B58CC16BDBA18008626BA /* UIImageView+AFNetworking.m */,
			);
			path = AFNetworking;
			sourceTree = "<group>";
		};
		EF5B58E216BDBB58008626BA /* Model */ = {
			isa = PBXGroup;
			children = (
				EF5B58E316BDBB6A008626BA /* RTHListing.h */,
				EF5B58E416BDBB6A008626BA /* RTHListing.m */,
				EF5B58EF16BDD8F0008626BA /* RTHCategory.h */,
				EF5B58F016BDD8F0008626BA /* RTHCategory.m */,
				EFA6A6BF16BEAEBA0073D719 /* RTHEtsyConfig.h */,
				EFA6A6C016BEAEBB0073D719 /* RTHEtsyConfig.m */,
			);
			name = Model;
			sourceTree = "<group>";
		};
		EF5B58E616BDBBB4008626BA /* networking */ = {
			isa = PBXGroup;
			children = (
				EF5B58E716BDBBCB008626BA /* RTHEtsyClient.h */,
				EF5B58E816BDBBCB008626BA /* RTHEtsyClient.m */,
			);
			name = networking;
			sourceTree = "<group>";
		};
		EF5B58F216BDD998008626BA /* search */ = {
			isa = PBXGroup;
			children = (
				EF5B58D716BDBA3D008626BA /* RTHSearchViewController.h */,
				EF5B58D816BDBA3D008626BA /* RTHSearchViewController.m */,
				EF036A2D16D033AA009AA728 /* RTHSearchHeaderView.h */,
				EF036A2E16D033AA009AA728 /* RTHSearchHeaderView.m */,
				EF5B58EC16BDC567008626BA /* RTHListingCell.h */,
				EF5B58ED16BDC568008626BA /* RTHListingCell.m */,
				EF5B591216BDE073008626BA /* price */,
				EF5B58F316BDD9A0008626BA /* categories */,
			);
			name = search;
			sourceTree = "<group>";
		};
		EF5B58F316BDD9A0008626BA /* categories */ = {
			isa = PBXGroup;
			children = (
				EF5B58F416BDD9B1008626BA /* RTHCategoryViewController.h */,
				EF5B58F516BDD9B1008626BA /* RTHCategoryViewController.m */,
				EF036A2A16D02A11009AA728 /* RTHCategoryView.h */,
				EF036A2B16D02A11009AA728 /* RTHCategoryView.m */,
			);
			name = categories;
			sourceTree = "<group>";
		};
		EF5B591216BDE073008626BA /* price */ = {
			isa = PBXGroup;
			children = (
				EF5B590F16BDE06E008626BA /* RTHPriceViewController.h */,
				EF5B591016BDE06E008626BA /* RTHPriceViewController.m */,
			);
			name = price;
			sourceTree = "<group>";
		};
		EF724A7117232044008DDA58 /* defaults */ = {
			isa = PBXGroup;
			children = (
				EFF7684E16BD9CB500265767 /* Default.png */,
				EFF7685016BD9CB500265767 /* Default@2x.png */,
				EFF7685216BD9CB500265767 /* Default-568h@2x.png */,
			);
			name = defaults;
			sourceTree = "<group>";
		};
		EF724A721723204A008DDA58 /* icons */ = {
			isa = PBXGroup;
			children = (
				EF724A7317232057008DDA58 /* icon_16.png */,
				EF724A7417232057008DDA58 /* icon_29.png */,
				EF724A7517232057008DDA58 /* icon_57.png */,
				EF724A7617232057008DDA58 /* icon_72.png */,
				EF724A7717232057008DDA58 /* icon_114.png */,
				EF724A7817232057008DDA58 /* icon_512.png */,
				EF724A7917232057008DDA58 /* icon_1024.png */,
			);
			name = icons;
			sourceTree = "<group>";
		};
		EF768EA816C855A700DCB1ED /* about */ = {
			isa = PBXGroup;
			children = (
				EF768EA916C855B300DCB1ED /* RTHAboutViewController.h */,
				EF768EAA16C855B300DCB1ED /* RTHAboutViewController.m */,
			);
			name = about;
			sourceTree = "<group>";
		};
		EF78EB6716BE0048006D8048 /* color selection */ = {
			isa = PBXGroup;
			children = (
				EFF7685416BD9CB500265767 /* RTHColorSelectionViewController.h */,
				EFF7685516BD9CB500265767 /* RTHColorSelectionViewController.m */,
			);
			name = "color selection";
			sourceTree = "<group>";
		};
		EFF7682D16BD9CB500265767 = {
			isa = PBXGroup;
			children = (
				EFF7684216BD9CB500265767 /* Color Search */,
				EFF7683B16BD9CB500265767 /* Frameworks */,
				EFF7683916BD9CB500265767 /* Products */,
			);
			sourceTree = "<group>";
		};
		EFF7683916BD9CB500265767 /* Products */ = {
			isa = PBXGroup;
			children = (
				EFF7683816BD9CB500265767 /* Chromatic.app */,
			);
			name = Products;
			sourceTree = "<group>";
		};
		EFF7683B16BD9CB500265767 /* Frameworks */ = {
			isa = PBXGroup;
			children = (
				EFDAC8BC1736CFFC00C884B4 /* MobileCoreServices.framework */,
				EFDAC8BA1736CFF700C884B4 /* SystemConfiguration.framework */,
				EF5B591716BDE456008626BA /* QuartzCore.framework */,
				EFF7686516BDA6EE00265767 /* CoreImage.framework */,
				EFF7683C16BD9CB500265767 /* UIKit.framework */,
				EFF7683E16BD9CB500265767 /* Foundation.framework */,
				EFF7684016BD9CB500265767 /* CoreGraphics.framework */,
			);
			name = Frameworks;
			sourceTree = "<group>";
		};
		EFF7684216BD9CB500265767 /* Color Search */ = {
			isa = PBXGroup;
			children = (
				EFF7684B16BD9CB500265767 /* RTHAppDelegate.h */,
				EFF7684C16BD9CB500265767 /* RTHAppDelegate.m */,
				EF78EB6916BE9CAA006D8048 /* RTHColorHistory.h */,
				EF78EB6A16BE9CAA006D8048 /* RTHColorHistory.m */,
				EF036A2816D019AE009AA728 /* Utilities */,
				EF036A2416D0172F009AA728 /* home */,
				EF036A2016D016BD009AA728 /* views */,
				EF768EA816C855A700DCB1ED /* about */,
				EF78EB6716BE0048006D8048 /* color selection */,
				EF5B58F216BDD998008626BA /* search */,
				EF036A3016D04257009AA728 /* Listing */,
				EF5B58E616BDBBB4008626BA /* networking */,
				EF5B58E216BDBB58008626BA /* Model */,
				EF036A2916D0247D009AA728 /* Third Party */,
				EFF7684316BD9CB500265767 /* Supporting Files */,
			);
			path = "Color Search";
			sourceTree = "<group>";
		};
		EFF7684316BD9CB500265767 /* Supporting Files */ = {
			isa = PBXGroup;
			children = (
				EFF7684416BD9CB500265767 /* Chromatic-Info.plist */,
				EFA6A6BD16BEAE4C0073D719 /* config.plist */,
				EFF7684516BD9CB500265767 /* InfoPlist.strings */,
				EFF7684816BD9CB500265767 /* main.m */,
				EFF7684A16BD9CB500265767 /* Chromatic-Prefix.pch */,
				EF3A87C916D0685A00D91D39 /* images */,
			);
			name = "Supporting Files";
			sourceTree = "<group>";
		};
/* End PBXGroup section */

/* Begin PBXNativeTarget section */
		EFF7683716BD9CB500265767 /* Chromatic */ = {
			isa = PBXNativeTarget;
			buildConfigurationList = EFF7685F16BD9CB500265767 /* Build configuration list for PBXNativeTarget "Chromatic" */;
			buildPhases = (
				EFF7683416BD9CB500265767 /* Sources */,
				EFF7683516BD9CB500265767 /* Frameworks */,
				EFF7683616BD9CB500265767 /* Resources */,
			);
			buildRules = (
			);
			dependencies = (
			);
			name = Chromatic;
			productName = "Color Search";
			productReference = EFF7683816BD9CB500265767 /* Chromatic.app */;
			productType = "com.apple.product-type.application";
		};
/* End PBXNativeTarget section */

/* Begin PBXProject section */
		EFF7682F16BD9CB500265767 /* Project object */ = {
			isa = PBXProject;
			attributes = {
				CLASSPREFIX = RTH;
				LastUpgradeCheck = 0450;
				ORGANIZATIONNAME = "Robert Tolar Haining";
			};
			buildConfigurationList = EFF7683216BD9CB500265767 /* Build configuration list for PBXProject "Chromatic" */;
			compatibilityVersion = "Xcode 3.2";
			developmentRegion = English;
			hasScannedForEncodings = 0;
			knownRegions = (
				en,
				English,
			);
			mainGroup = EFF7682D16BD9CB500265767;
			productRefGroup = EFF7683916BD9CB500265767 /* Products */;
			projectDirPath = "";
			projectRoot = "";
			targets = (
				EFF7683716BD9CB500265767 /* Chromatic */,
			);
		};
/* End PBXProject section */

/* Begin PBXResourcesBuildPhase section */
		EFF7683616BD9CB500265767 /* Resources */ = {
			isa = PBXResourcesBuildPhase;
			buildActionMask = 2147483647;
			files = (
				EFF7684716BD9CB500265767 /* InfoPlist.strings in Resources */,
				EFF7684F16BD9CB500265767 /* Default.png in Resources */,
				EFF7685116BD9CB500265767 /* Default@2x.png in Resources */,
				EFF7685316BD9CB500265767 /* Default-568h@2x.png in Resources */,
				EFA6A6BE16BEAE4C0073D719 /* config.plist in Resources */,
				EF3A87CB16D0686600D91D39 /* etsy_badge.gif in Resources */,
				EF724A7A17232057008DDA58 /* icon_16.png in Resources */,
				EF724A7B17232057008DDA58 /* icon_29.png in Resources */,
				EF724A7C17232057008DDA58 /* icon_57.png in Resources */,
				EF724A7D17232057008DDA58 /* icon_72.png in Resources */,
				EF724A7E17232057008DDA58 /* icon_114.png in Resources */,
				EF724A7F17232057008DDA58 /* icon_512.png in Resources */,
				EF724A8017232057008DDA58 /* icon_1024.png in Resources */,
			);
			runOnlyForDeploymentPostprocessing = 0;
		};
/* End PBXResourcesBuildPhase section */

/* Begin PBXSourcesBuildPhase section */
		EFF7683416BD9CB500265767 /* Sources */ = {
			isa = PBXSourcesBuildPhase;
			buildActionMask = 2147483647;
			files = (
				EFF7684916BD9CB500265767 /* main.m in Sources */,
				EFF7684D16BD9CB500265767 /* RTHAppDelegate.m in Sources */,
				EFF7685616BD9CB500265767 /* RTHColorSelectionViewController.m in Sources */,
				EFF7686416BDA0C800265767 /* RTHColorUtil.m in Sources */,
				EF5B58CD16BDBA18008626BA /* AFHTTPClient.m in Sources */,
				EF5B58CE16BDBA18008626BA /* AFHTTPRequestOperation.m in Sources */,
				EF5B58CF16BDBA18008626BA /* AFImageRequestOperation.m in Sources */,
				EF5B58D016BDBA18008626BA /* AFJSONRequestOperation.m in Sources */,
				EF5B58D116BDBA18008626BA /* AFNetworkActivityIndicatorManager.m in Sources */,
				EF5B58D216BDBA18008626BA /* AFPropertyListRequestOperation.m in Sources */,
				EF5B58D316BDBA18008626BA /* AFURLConnectionOperation.m in Sources */,
				EF5B58D416BDBA18008626BA /* AFXMLRequestOperation.m in Sources */,
				EF5B58D516BDBA18008626BA /* UIImageView+AFNetworking.m in Sources */,
				EF5B58D916BDBA3D008626BA /* RTHSearchViewController.m in Sources */,
				EF5B58E516BDBB6A008626BA /* RTHListing.m in Sources */,
				EF5B58E916BDBBCB008626BA /* RTHEtsyClient.m in Sources */,
				EF5B58EE16BDC568008626BA /* RTHListingCell.m in Sources */,
				EF5B58F116BDD8F0008626BA /* RTHCategory.m in Sources */,
				EF5B58F616BDD9B1008626BA /* RTHCategoryViewController.m in Sources */,
				EF5B591116BDE06F008626BA /* RTHPriceViewController.m in Sources */,
				EF78EB6B16BE9CAA006D8048 /* RTHColorHistory.m in Sources */,
				EF78EB6E16BE9ED1006D8048 /* RTHColorHistoryViewController.m in Sources */,
				EFA6A6C116BEAEBB0073D719 /* RTHEtsyConfig.m in Sources */,
				EF768EA416C84BED00DCB1ED /* RTHLocaleHelper.m in Sources */,
				EF768EA716C8532200DCB1ED /* RTHImageUtil.m in Sources */,
				EF768EAB16C855B300DCB1ED /* RTHAboutViewController.m in Sources */,
				EF036A1F16D0166A009AA728 /* RTHHomeViewController.m in Sources */,
				EF036A2316D016CB009AA728 /* RTHButton.m in Sources */,
				EF036A2716D0173C009AA728 /* RTHHomeView.m in Sources */,
				EF036A2C16D02A11009AA728 /* RTHCategoryView.m in Sources */,
				EF036A2F16D033AA009AA728 /* RTHSearchHeaderView.m in Sources */,
				EFCF8D7C16D042EB00E14663 /* RTHListingViewController.m in Sources */,
				EFCF8D7F16D0438300E14663 /* RTHListingView.m in Sources */,
				EF3A87CF16D06B5A00D91D39 /* MagnifierView.m in Sources */,
				EF4783BF16D2DCF000A612E5 /* RTHAnalytics.m in Sources */,
				EF4783C316D2E93700A612E5 /* NSString+HTML.m in Sources */,
				EF4783C616D2E97200A612E5 /* GTMNSString+HTML.m in Sources */,
			);
			runOnlyForDeploymentPostprocessing = 0;
		};
/* End PBXSourcesBuildPhase section */

/* Begin PBXVariantGroup section */
		EFF7684516BD9CB500265767 /* InfoPlist.strings */ = {
			isa = PBXVariantGroup;
			children = (
				EFF7684616BD9CB500265767 /* en */,
			);
			name = InfoPlist.strings;
			sourceTree = "<group>";
		};
/* End PBXVariantGroup section */

/* Begin XCBuildConfiguration section */
		EFF7685D16BD9CB500265767 /* Debug */ = {
			isa = XCBuildConfiguration;
			buildSettings = {
				ALWAYS_SEARCH_USER_PATHS = NO;
				CLANG_CXX_LANGUAGE_STANDARD = "gnu++0x";
				CLANG_CXX_LIBRARY = "libc++";
				CLANG_ENABLE_OBJC_ARC = YES;
				CLANG_WARN_EMPTY_BODY = YES;
				CLANG_WARN__DUPLICATE_METHOD_MATCH = YES;
				"CODE_SIGN_IDENTITY[sdk=iphoneos*]" = "iPhone Developer";
				COPY_PHASE_STRIP = NO;
				GCC_C_LANGUAGE_STANDARD = gnu99;
				GCC_DYNAMIC_NO_PIC = NO;
				GCC_OPTIMIZATION_LEVEL = 0;
				GCC_PREPROCESSOR_DEFINITIONS = (
					"DEBUG=1",
					"$(inherited)",
				);
				GCC_SYMBOLS_PRIVATE_EXTERN = NO;
				GCC_WARN_ABOUT_RETURN_TYPE = YES;
				GCC_WARN_UNINITIALIZED_AUTOS = YES;
				GCC_WARN_UNUSED_VARIABLE = YES;
				IPHONEOS_DEPLOYMENT_TARGET = 6.0;
				ONLY_ACTIVE_ARCH = YES;
				SDKROOT = iphoneos;
				TARGETED_DEVICE_FAMILY = "1,2";
			};
			name = Debug;
		};
		EFF7685E16BD9CB500265767 /* Release */ = {
			isa = XCBuildConfiguration;
			buildSettings = {
				ALWAYS_SEARCH_USER_PATHS = NO;
				CLANG_CXX_LANGUAGE_STANDARD = "gnu++0x";
				CLANG_CXX_LIBRARY = "libc++";
				CLANG_ENABLE_OBJC_ARC = YES;
				CLANG_WARN_EMPTY_BODY = YES;
				CLANG_WARN__DUPLICATE_METHOD_MATCH = YES;
				"CODE_SIGN_IDENTITY[sdk=iphoneos*]" = "iPhone Developer";
				COPY_PHASE_STRIP = YES;
				GCC_C_LANGUAGE_STANDARD = gnu99;
				GCC_WARN_ABOUT_RETURN_TYPE = YES;
				GCC_WARN_UNINITIALIZED_AUTOS = YES;
				GCC_WARN_UNUSED_VARIABLE = YES;
				IPHONEOS_DEPLOYMENT_TARGET = 6.0;
				OTHER_CFLAGS = "-DNS_BLOCK_ASSERTIONS=1";
				SDKROOT = iphoneos;
				TARGETED_DEVICE_FAMILY = "1,2";
				VALIDATE_PRODUCT = YES;
			};
			name = Release;
		};
		EFF7686016BD9CB500265767 /* Debug */ = {
			isa = XCBuildConfiguration;
			buildSettings = {
				FRAMEWORK_SEARCH_PATHS = (
					"$(inherited)",
					"\"$(SRCROOT)/Color Search/layout/System/Library/Frameworks\"",
				);
				GCC_PRECOMPILE_PREFIX_HEADER = YES;
				GCC_PREFIX_HEADER = "Color Search/Chromatic-Prefix.pch";
				INFOPLIST_FILE = "Color Search/Chromatic-Info.plist";
				LIBRARY_SEARCH_PATHS = (
					"$(inherited)",
					"\"$(SRCROOT)/Color Search/Flurry\"",
				);
				PRODUCT_NAME = Chromatic;
				TARGETED_DEVICE_FAMILY = 1;
				WRAPPER_EXTENSION = app;
			};
			name = Debug;
		};
		EFF7686116BD9CB500265767 /* Release */ = {
			isa = XCBuildConfiguration;
			buildSettings = {
				FRAMEWORK_SEARCH_PATHS = (
					"$(inherited)",
					"\"$(SRCROOT)/Color Search/layout/System/Library/Frameworks\"",
				);
				GCC_PRECOMPILE_PREFIX_HEADER = YES;
				GCC_PREFIX_HEADER = "Color Search/Chromatic-Prefix.pch";
				INFOPLIST_FILE = "Color Search/Chromatic-Info.plist";
				LIBRARY_SEARCH_PATHS = (
					"$(inherited)",
					"\"$(SRCROOT)/Color Search/Flurry\"",
				);
				PRODUCT_NAME = Chromatic;
				TARGETED_DEVICE_FAMILY = 1;
				WRAPPER_EXTENSION = app;
			};
			name = Release;
		};
/* End XCBuildConfiguration section */

/* Begin XCConfigurationList section */
		EFF7683216BD9CB500265767 /* Build configuration list for PBXProject "Chromatic" */ = {
			isa = XCConfigurationList;
			buildConfigurations = (
				EFF7685D16BD9CB500265767 /* Debug */,
				EFF7685E16BD9CB500265767 /* Release */,
			);
			defaultConfigurationIsVisible = 0;
			defaultConfigurationName = Release;
		};
		EFF7685F16BD9CB500265767 /* Build configuration list for PBXNativeTarget "Chromatic" */ = {
			isa = XCConfigurationList;
			buildConfigurations = (
				EFF7686016BD9CB500265767 /* Debug */,
				EFF7686116BD9CB500265767 /* Release */,
			);
			defaultConfigurationIsVisible = 0;
			defaultConfigurationName = Release;
		};
/* End XCConfigurationList section */
	};
	rootObject = EFF7682F16BD9CB500265767 /* Project object */;
}
